
Microsoft Visual Studio Solution File, Format Version 12.00
# Visual Studio 2012
Project("{FAE04EC0-301F-11D3-BF4B-00C04F79EFBC}") = "01-04_Point", "Point\01-04_Point.csproj", "{C95DE085-51AF-4DAA-945F-F1A356F9E9D1}"
EndProject
Project("{FAE04EC0-301F-11D3-BF4B-00C04F79EFBC}") = "05-07_GenericClass", "GenericClass\05-07_GenericClass.csproj", "{411ABBEC-7838-4E88-B896-F13C537FB3BC}"
EndProject
Project("{FAE04EC0-301F-11D3-BF4B-00C04F79EFBC}") = "08-11_Matrix", "Matrix\08-11_Matrix.csproj", "{F13F79E1-A02E-4F18-A60F-161ACB2D18DB}"
EndProject
Global
	GlobalSection(SolutionConfigurationPlatforms) = preSolution
		Debug|Any CPU = Debug|Any CPU
		Release|Any CPU = Release|Any CPU
	EndGlobalSection
	GlobalSection(ProjectConfigurationPlatforms) = postSolution
		{C95DE085-51AF-4DAA-945F-F1A356F9E9D1}.Debug|Any CPU.ActiveCfg = Debug|Any CPU
		{C95DE085-51AF-4DAA-945F-F1A356F9E9D1}.Debug|Any CPU.Build.0 = Debug|Any CPU
		{C95DE085-51AF-4DAA-945F-F1A356F9E9D1}.Release|Any CPU.ActiveCfg = Release|Any CPU
		{C95DE085-51AF-4DAA-945F-F1A356F9E9D1}.Release|Any CPU.Build.0 = Release|Any CPU
		{411ABBEC-7838-4E88-B896-F13C537FB3BC}.Debug|Any CPU.ActiveCfg = Debug|Any CPU
		{411ABBEC-7838-4E88-B896-F13C537FB3BC}.Debug|Any CPU.Build.0 = Debug|Any CPU
		{411ABBEC-7838-4E88-B896-F13C537FB3BC}.Release|Any CPU.ActiveCfg = Release|Any CPU
		{411ABBEC-7838-4E88-B896-F13C537FB3BC}.Release|Any CPU.Build.0 = Release|Any CPU
		{F13F79E1-A02E-4F18-A60F-161ACB2D18DB}.Debug|Any CPU.ActiveCfg = Debug|Any CPU
		{F13F79E1-A02E-4F18-A60F-161ACB2D18DB}.Debug|Any CPU.Build.0 = Debug|Any CPU
		{F13F79E1-A02E-4F18-A60F-161ACB2D18DB}.Release|Any CPU.ActiveCfg = Release|Any CPU
		{F13F79E1-A02E-4F18-A60F-161ACB2D18DB}.Release|Any CPU.Build.0 = Release|Any CPU
	EndGlobalSection
	GlobalSection(SolutionProperties) = preSolution
		HideSolutionNode = FALSE
	EndGlobalSection
EndGlobal
